// !$*UTF8*$!
{
	archiveVersion = 1;
	classes = {
	};
	objectVersion = 50;
	objects = {

/* Begin PBXBuildFile section */
		9FD5678D2411B1EA00A6C04C /* AppDelegate.swift in Sources */ = {isa = PBXBuildFile; fileRef = 9FD5678C2411B1EA00A6C04C /* AppDelegate.swift */; };
		9FD5678F2411B1EA00A6C04C /* SceneDelegate.swift in Sources */ = {isa = PBXBuildFile; fileRef = 9FD5678E2411B1EA00A6C04C /* SceneDelegate.swift */; };
		9FD567912411B1EA00A6C04C /* ContentView.swift in Sources */ = {isa = PBXBuildFile; fileRef = 9FD567902411B1EA00A6C04C /* ContentView.swift */; };
		9FD567932411B1EA00A6C04C /* Assets.xcassets in Resources */ = {isa = PBXBuildFile; fileRef = 9FD567922411B1EA00A6C04C /* Assets.xcassets */; };
		9FD567962411B1EA00A6C04C /* Preview Assets.xcassets in Resources */ = {isa = PBXBuildFile; fileRef = 9FD567952411B1EA00A6C04C /* Preview Assets.xcassets */; };
		9FD567992411B1EA00A6C04C /* LaunchScreen.storyboard in Resources */ = {isa = PBXBuildFile; fileRef = 9FD567972411B1EA00A6C04C /* LaunchScreen.storyboard */; };
		9FD567A12411B20500A6C04C /* MapView.swift in Sources */ = {isa = PBXBuildFile; fileRef = 9FD567A02411B20500A6C04C /* MapView.swift */; };
/* End PBXBuildFile section */

/* Begin PBXFileReference section */
		9FD567892411B1EA00A6C04C /* MapKitSwiftUI.app */ = {isa = PBXFileReference; explicitFileType = wrapper.application; includeInIndex = 0; path = MapKitSwiftUI.app; sourceTree = BUILT_PRODUCTS_DIR; };
		9FD5678C2411B1EA00A6C04C /* AppDelegate.swift */ = {isa = PBXFileReference; lastKnownFileType = sourcecode.swift; path = AppDelegate.swift; sourceTree = "<group>"; };
		9FD5678E2411B1EA00A6C04C /* SceneDelegate.swift */ = {isa = PBXFileReference; lastKnownFileType = sourcecode.swift; path = SceneDelegate.swift; sourceTree = "<group>"; };
		9FD567902411B1EA00A6C04C /* ContentView.swift */ = {isa = PBXFileReference; lastKnownFileType = sourcecode.swift; path = ContentView.swift; sourceTree = "<group>"; };
		9FD567922411B1EA00A6C04C /* Assets.xcassets */ = {isa = PBXFileReference; lastKnownFileType = folder.assetcatalog; path = Assets.xcassets; sourceTree = "<group>"; };
		9FD567952411B1EA00A6C04C /* Preview Assets.xcassets */ = {isa = PBXFileReference; lastKnownFileType = folder.assetcatalog; path = "Preview Assets.xcassets"; sourceTree = "<group>"; };
		9FD567982411B1EA00A6C04C /* Base */ = {isa = PBXFileReference; lastKnownFileType = file.storyboard; name = Base; path = Base.lproj/LaunchScreen.storyboard; sourceTree = "<group>"; };
		9FD5679A2411B1EA00A6C04C /* Info.plist */ = {isa = PBXFileReference; lastKnownFileType = text.plist.xml; path = Info.plist; sourceTree = "<group>"; };
		9FD567A02411B20500A6C04C /* MapView.swift */ = {isa = PBXFileReference; lastKnownFileType = sourcecode.swift; path = MapView.swift; sourceTree = "<group>"; };
/* End PBXFileReference section */

/* Begin PBXFrameworksBuildPhase section */
		9FD567862411B1EA00A6C04C /* Frameworks */ = {
			isa = PBXFrameworksBuildPhase;
			buildActionMask = 2147483647;
			files = (
			);
			runOnlyForDeploymentPostprocessing = 0;
		};
/* End PBXFrameworksBuildPhase section */

/* Begin PBXGroup section */
		9FD567802411B1EA00A6C04C = {
			isa = PBXGroup;
			children = (
				9FD5678B2411B1EA00A6C04C /* MapKitSwiftUI */,
				9FD5678A2411B1EA00A6C04C /* Products */,
			);
			sourceTree = "<group>";
		};
		9FD5678A2411B1EA00A6C04C /* Products */ = {
			isa = PBXGroup;
			children = (
				9FD567892411B1EA00A6C04C /* MapKitSwiftUI.app */,
			);
			name = Products;
			sourceTree = "<group>";
		};
		9FD5678B2411B1EA00A6C04C /* MapKitSwiftUI */ = {
			isa = PBXGroup;
			children = (
				9FD5678C2411B1EA00A6C04C /* AppDelegate.swift */,
				9FD5678E2411B1EA00A6C04C /* SceneDelegate.swift */,
				9FD567902411B1EA00A6C04C /* ContentView.swift */,
				9FD567A02411B20500A6C04C /* MapView.swift */,
				9FD567922411B1EA00A6C04C /* Assets.xcassets */,
				9FD567972411B1EA00A6C04C /* LaunchScreen.storyboard */,
				9FD5679A2411B1EA00A6C04C /* Info.plist */,
				9FD567942411B1EA00A6C04C /* Preview Content */,
			);
			path = MapKitSwiftUI;
			sourceTree = "<group>";
		};
		9FD567942411B1EA00A6C04C /* Preview Content */ = {
			isa = PBXGroup;
			children = (
				9FD567952411B1EA00A6C04C /* Preview Assets.xcassets */,
			);
			path = "Preview Content";
			sourceTree = "<group>";
		};
/* End PBXGroup section */

/* Begin PBXNativeTarget section */
		9FD567882411B1EA00A6C04C /* MapKitSwiftUI */ = {
			isa = PBXNativeTarget;
			buildConfigurationList = 9FD5679D2411B1EA00A6C04C /* Build configuration list for PBXNativeTarget "MapKitSwiftUI" */;
			buildPhases = (
				9FD567852411B1EA00A6C04C /* Sources */,
				9FD567862411B1EA00A6C04C /* Frameworks */,
				9FD567872411B1EA00A6C04C /* Resources */,
			);
			buildRules = (
			);
			dependencies = (
			);
			name = MapKitSwiftUI;
			productName = MapKitSwiftUI;
			productReference = 9FD567892411B1EA00A6C04C /* MapKitSwiftUI.app */;
			productType = "com.apple.product-type.application";
		};
/* End PBXNativeTarget section */

/* Begin PBXProject section */
		9FD567812411B1EA00A6C04C /* Project object */ = {
			isa = PBXProject;
			attributes = {
				LastSwiftUpdateCheck = 1130;
				LastUpgradeCheck = 1130;
				ORGANIZATIONNAME = "Thomas Prezioso";
				TargetAttributes = {
					9FD567882411B1EA00A6C04C = {
						CreatedOnToolsVersion = 11.3.1;
					};
				};
			};
			buildConfigurationList = 9FD567842411B1EA00A6C04C /* Build configuration list for PBXProject "MapKitSwiftUI" */;
			compatibilityVersion = "Xcode 9.3";
			developmentRegion = en;
			hasScannedForEncodings = 0;
			knownRegions = (
				en,
				Base,
			);
			mainGroup = 9FD567802411B1EA00A6C04C;
			productRefGroup = 9FD5678A2411B1EA00A6C04C /* Products */;
			projectDirPath = "";
			projectRoot = "";
			targets = (
				9FD567882411B1EA00A6C04C /* MapKitSwiftUI */,
			);
		};
/* End PBXProject section */

/* Begin PBXResourcesBuildPhase section */
		9FD567872411B1EA00A6C04C /* Resources */ = {
			isa = PBXResourcesBuildPhase;
			buildActionMask = 2147483647;
			files = (
				9FD567992411B1EA00A6C04C /* LaunchScreen.storyboard in Resources */,
				9FD567962411B1EA00A6C04C /* Preview Assets.xcassets in Resources */,
				9FD567932411B1EA00A6C04C /* Assets.xcassets in Resources */,
			);
			runOnlyForDeploymentPostprocessing = 0;
		};
/* End PBXResourcesBuildPhase section */

/* Begin PBXSourcesBuildPhase section */
		9FD567852411B1EA00A6C04C /* Sources */ = {
			isa = PBXSourcesBuildPhase;
			buildActionMask = 2147483647;
			files = (
				9FD5678D2411B1EA00A6C04C /* AppDelegate.swift in Sources */,
				9FD567A12411B20500A6C04C /* MapView.swift in Sources */,
				9FD5678F2411B1EA00A6C04C /* SceneDelegate.swift in Sources */,
				9FD567912411B1EA00A6C04C /* ContentView.swift in Sources */,
			);
			runOnlyForDeploymentPostprocessing = 0;
		};
/* End PBXSourcesBuildPhase section */

/* Begin PBXVariantGroup section */
		9FD567972411B1EA00A6C04C /* LaunchScreen.storyboard */ = {
			isa = PBXVariantGroup;
			children = (
				9FD567982411B1EA00A6C04C /* Base */,
			);
			name = LaunchScreen.storyboard;
			sourceTree = "<group>";
		};
/* End PBXVariantGroup section */

/* Begin XCBuildConfiguration section */
		9FD5679B2411B1EA00A6C04C /* Debug */ = {
			isa = XCBuildConfiguration;
			buildSettings = {
				ALWAYS_SEARCH_USER_PATHS = NO;
				CLANG_ANALYZER_NONNULL = YES;
				CLANG_ANALYZER_NUMBER_OBJECT_CONVERSION = YES_AGGRESSIVE;
				CLANG_CXX_LANGUAGE_STANDARD = "gnu++14";
				CLANG_CXX_LIBRARY = "libc++";
				CLANG_ENABLE_MODULES = YES;
				CLANG_ENABLE_OBJC_ARC = YES;
				CLANG_ENABLE_OBJC_WEAK = YES;
				CLANG_WARN_BLOCK_CAPTURE_AUTORELEASING = YES;
				CLANG_WARN_BOOL_CONVERSION = YES;
				CLANG_WARN_COMMA = YES;
				CLANG_WARN_CONSTANT_CONVERSION = YES;
				CLANG_WARN_DEPRECATED_OBJC_IMPLEMENTATIONS = YES;
				CLANG_WARN_DIRECT_OBJC_ISA_USAGE = YES_ERROR;
				CLANG_WARN_DOCUMENTATION_COMMENTS = YES;
				CLANG_WARN_EMPTY_BODY = YES;
				CLANG_WARN_ENUM_CONVERSION = YES;
				CLANG_WARN_INFINITE_RECURSION = YES;
				CLANG_WARN_INT_CONVERSION = YES;
				CLANG_WARN_NON_LITERAL_NULL_CONVERSION = YES;
				CLANG_WARN_OBJC_IMPLICIT_RETAIN_SELF = YES;
				CLANG_WARN_OBJC_LITERAL_CONVERSION = YES;
				CLANG_WARN_OBJC_ROOT_CLASS = YES_ERROR;
				CLANG_WARN_RANGE_LOOP_ANALYSIS = YES;
				CLANG_WARN_STRICT_PROTOTYPES = YES;
				CLANG_WARN_SUSPICIOUS_MOVE = YES;
				CLANG_WARN_UNGUARDED_AVAILABILITY = YES_AGGRESSIVE;
				CLANG_WARN_UNREACHABLE_CODE = YES;
				CLANG_WARN__DUPLICATE_METHOD_MATCH = YES;
				COPY_PHASE_STRIP = NO;
				DEBUG_INFORMATION_FORMAT = dwarf;
				ENABLE_STRICT_OBJC_MSGSEND = YES;
				ENABLE_TESTABILITY = YES;
				GCC_C_LANGUAGE_STANDARD = gnu11;
				GCC_DYNAMIC_NO_PIC = NO;
				GCC_NO_COMMON_BLOCKS = YES;
				GCC_OPTIMIZATION_LEVEL = 0;
				GCC_PREPROCESSOR_DEFINITIONS = (
					"DEBUG=1",
					"$(inherited)",
				);
				GCC_WARN_64_TO_32_BIT_CONVERSION = YES;
				GCC_WARN_ABOUT_RETURN_TYPE = YES_ERROR;
				GCC_WARN_UNDECLARED_SELECTOR = YES;
				GCC_WARN_UNINITIALIZED_AUTOS = YES_AGGRESSIVE;
				GCC_WARN_UNUSED_FUNCTION = YES;
				GCC_WARN_UNUSED_VARIABLE = YES;
				IPHONEOS_DEPLOYMENT_TARGET = 13.2;
				MTL_ENABLE_DEBUG_INFO = INCLUDE_SOURCE;
				MTL_FAST_MATH = YES;
				ONLY_ACTIVE_ARCH = YES;
				SDKROOT = iphoneos;
				SWIFT_ACTIVE_COMPILATION_CONDITIONS = DEBUG;
				SWIFT_OPTIMIZATION_LEVEL = "-Onone";
			};
			name = Debug;
		};
		9FD5679C2411B1EA00A6C04C /* Release */ = {
			isa = XCBuildConfiguration;
			buildSettings = {
				ALWAYS_SEARCH_USER_PATHS = NO;
				CLANG_ANALYZER_NONNULL = YES;
				CLANG_ANALYZER_NUMBER_OBJECT_CONVERSION = YES_AGGRESSIVE;
				CLANG_CXX_LANGUAGE_STANDARD = "gnu++14";
				CLANG_CXX_LIBRARY = "libc++";
				CLANG_ENABLE_MODULES = YES;
				CLANG_ENABLE_OBJC_ARC = YES;
				CLANG_ENABLE_OBJC_WEAK = YES;
				CLANG_WARN_BLOCK_CAPTURE_AUTORELEASING = YES;
				CLANG_WARN_BOOL_CONVERSION = YES;
				CLANG_WARN_COMMA = YES;
				CLANG_WARN_CONSTANT_CONVERSION = YES;
				CLANG_WARN_DEPRECATED_OBJC_IMPLEMENTATIONS = YES;
				CLANG_WARN_DIRECT_OBJC_ISA_USAGE = YES_ERROR;
				CLANG_WARN_DOCUMENTATION_COMMENTS = YES;
				CLANG_WARN_EMPTY_BODY = YES;
				CLANG_WARN_ENUM_CONVERSION = YES;
				CLANG_WARN_INFINITE_RECURSION = YES;
				CLANG_WARN_INT_CONVERSION = YES;
				CLANG_WARN_NON_LITERAL_NULL_CONVERSION = YES;
				CLANG_WARN_OBJC_IMPLICIT_RETAIN_SELF = YES;
				CLANG_WARN_OBJC_LITERAL_CONVERSION = YES;
				CLANG_WARN_OBJC_ROOT_CLASS = YES_ERROR;
				CLANG_WARN_RANGE_LOOP_ANALYSIS = YES;
				CLANG_WARN_STRICT_PROTOTYPES = YES;
				CLANG_WARN_SUSPICIOUS_MOVE = YES;
				CLANG_WARN_UNGUARDED_AVAILABILITY = YES_AGGRESSIVE;
				CLANG_WARN_UNREACHABLE_CODE = YES;
				CLANG_WARN__DUPLICATE_METHOD_MATCH = YES;
				COPY_PHASE_STRIP = NO;
				DEBUG_INFORMATION_FORMAT = "dwarf-with-dsym";
				ENABLE_NS_ASSERTIONS = NO;
				ENABLE_STRICT_OBJC_MSGSEND = YES;
				GCC_C_LANGUAGE_STANDARD = gnu11;
				GCC_NO_COMMON_BLOCKS = YES;
				GCC_WARN_64_TO_32_BIT_CONVERSION = YES;
				GCC_WARN_ABOUT_RETURN_TYPE = YES_ERROR;
				GCC_WARN_UNDECLARED_SELECTOR = YES;
				GCC_WARN_UNINITIALIZED_AUTOS = YES_AGGRESSIVE;
				GCC_WARN_UNUSED_FUNCTION = YES;
				GCC_WARN_UNUSED_VARIABLE = YES;
				IPHONEOS_DEPLOYMENT_TARGET = 13.2;
				MTL_ENABLE_DEBUG_INFO = NO;
				MTL_FAST_MATH = YES;
				SDKROOT = iphoneos;
				SWIFT_COMPILATION_MODE = wholemodule;
				SWIFT_OPTIMIZATION_LEVEL = "-O";
				VALIDATE_PRODUCT = YES;
			};
			name = Release;
		};
		9FD5679E2411B1EA00A6C04C /* Debug */ = {
			isa = XCBuildConfiguration;
			buildSettings = {
				ASSETCATALOG_COMPILER_APPICON_NAME = AppIcon;
				CODE_SIGN_STYLE = Automatic;
				DEVELOPMENT_ASSET_PATHS = "\"MapKitSwiftUI/Preview Content\"";
				DEVELOPMENT_TEAM = 6JBM5ZNF6C;
				ENABLE_PREVIEWS = YES;
				INFOPLIST_FILE = MapKitSwiftUI/Info.plist;
				LD_RUNPATH_SEARCH_PATHS = (
					"$(inherited)",
					"@executable_path/Frameworks",
				);
				PRODUCT_BUNDLE_IDENTIFIER = com.swifttom.MapKitSwiftUI;
				PRODUCT_NAME = "$(TARGET_NAME)";
				SWIFT_VERSION = 5.0;
				TARGETED_DEVICE_FAMILY = "1,2";
			};
			name = Debug;
		};
		9FD5679F2411B1EA00A6C04C /* Release */ = {
			isa = XCBuildConfiguration;
			buildSettings = {
				ASSETCATALOG_COMPILER_APPICON_NAME = AppIcon;
				CODE_SIGN_STYLE = Automatic;
				DEVELOPMENT_ASSET_PATHS = "\"MapKitSwiftUI/Preview Content\"";
				DEVELOPMENT_TEAM = 6JBM5ZNF6C;
				ENABLE_PREVIEWS = YES;
				INFOPLIST_FILE = MapKitSwiftUI/Info.plist;
				LD_RUNPATH_SEARCH_PATHS = (
					"$(inherited)",
					"@executable_path/Frameworks",
				);
				PRODUCT_BUNDLE_IDENTIFIER = com.swifttom.MapKitSwiftUI;
				PRODUCT_NAME = "$(TARGET_NAME)";
				SWIFT_VERSION = 5.0;
				TARGETED_DEVICE_FAMILY = "1,2";
			};
			name = Release;
		};
/* End XCBuildConfiguration section */

/* Begin XCConfigurationList section */
		9FD567842411B1EA00A6C04C /* Build configuration list for PBXProject "MapKitSwiftUI" */ = {
			isa = XCConfigurationList;
			buildConfigurations = (
				9FD5679B2411B1EA00A6C04C /* Debug */,
				9FD5679C2411B1EA00A6C04C /* Release */,
			);
			defaultConfigurationIsVisible = 0;
			defaultConfigurationName = Release;
		};
		9FD5679D2411B1EA00A6C04C /* Build configuration list for PBXNativeTarget "MapKitSwiftUI" */ = {
			isa = XCConfigurationList;
			buildConfigurations = (
				9FD5679E2411B1EA00A6C04C /* Debug */,
				9FD5679F2411B1EA00A6C04C /* Release */,
			);
			defaultConfigurationIsVisible = 0;
			defaultConfigurationName = Release;
		};
/* End XCConfigurationList section */
	};
	rootObject = 9FD567812411B1EA00A6C04C /* Project object */;
}
